
Microsoft Visual Studio Solution File, Format Version 12.00
# Visual Studio Version 16
VisualStudioVersion = 16.0.32228.343
MinimumVisualStudioVersion = 10.0.40219.1
Project("{FAE04EC0-301F-11D3-BF4B-00C04F79EFBC}") = "HelloWorld", "HelloWorld\HelloWorld.csproj", "{83FC8492-0CA1-494D-96B6-D22EAB8415CF}"
EndProject
Project("{FAE04EC0-301F-11D3-BF4B-00C04F79EFBC}") = "StringInterpolation", "StringInterpolation\StringInterpolation.csproj", "{6A9E8757-18A4-4BB8-8672-50CFAB880ECB}"
EndProject
Global
	GlobalSection(SolutionConfigurationPlatforms) = preSolution
		Debug|Any CPU = Debug|Any CPU
		Release|Any CPU = Release|Any CPU
	EndGlobalSection
	GlobalSection(ProjectConfigurationPlatforms) = postSolution
		{83FC8492-0CA1-494D-96B6-D22EAB8415CF}.Debug|Any CPU.ActiveCfg = Debug|Any CPU
		{83FC8492-0CA1-494D-96B6-D22EAB8415CF}.Debug|Any CPU.Build.0 = Debug|Any CPU
		{83FC8492-0CA1-494D-96B6-D22EAB8415CF}.Release|Any CPU.ActiveCfg = Release|Any CPU
		{83FC8492-0CA1-494D-96B6-D22EAB8415CF}.Release|Any CPU.Build.0 = Release|Any CPU
		{6A9E8757-18A4-4BB8-8672-50CFAB880ECB}.Debug|Any CPU.ActiveCfg = Debug|Any CPU
		{6A9E8757-18A4-4BB8-8672-50CFAB880ECB}.Debug|Any CPU.Build.0 = Debug|Any CPU
		{6A9E8757-18A4-4BB8-8672-50CFAB880ECB}.Release|Any CPU.ActiveCfg = Release|Any CPU
		{6A9E8757-18A4-4BB8-8672-50CFAB880ECB}.Release|Any CPU.Build.0 = Release|Any CPU
	EndGlobalSection
	GlobalSection(SolutionProperties) = preSolution
		HideSolutionNode = FALSE
	EndGlobalSection
	GlobalSection(ExtensibilityGlobals) = postSolution
		SolutionGuid = {777707F5-9F8B-4B5B-89CF-E7AD77D75B72}
	EndGlobalSection
EndGlobal
